
Microsoft Visual Studio Solution File, Format Version 12.00
# Visual Studio 15
VisualStudioVersion = 15.0.26430.6
MinimumVisualStudioVersion = 10.0.40219.1
Project("{FAE04EC0-301F-11D3-BF4B-00C04F79EFBC}") = "Idunn.SqlServer", "Idunn.SqlServer\Idunn.SqlServer.csproj", "{A64CAF12-84AB-4C2C-8563-D072AD4E8901}"
EndProject
Project("{FAE04EC0-301F-11D3-BF4B-00C04F79EFBC}") = "Idunn.SqlServer.Testing.Unit", "Idunn.SqlServer.Testing.Unit\Idunn.SqlServer.Testing.Unit.csproj", "{FE0DF2FE-B684-492A-926E-1838713A28C1}"
Global
	GlobalSection(SolutionConfigurationPlatforms) = preSolution
		Debug|Any CPU = Debug|Any CPU
		Release|Any CPU = Release|Any CPU
	EndGlobalSection
	GlobalSection(ProjectConfigurationPlatforms) = postSolution
		{A64CAF12-84AB-4C2C-8563-D072AD4E8901}.Debug|Any CPU.ActiveCfg = Debug|Any CPU
		{A64CAF12-84AB-4C2C-8563-D072AD4E8901}.Debug|Any CPU.Build.0 = Debug|Any CPU
		{A64CAF12-84AB-4C2C-8563-D072AD4E8901}.Release|Any CPU.ActiveCfg = Release|Any CPU
		{A64CAF12-84AB-4C2C-8563-D072AD4E8901}.Release|Any CPU.Build.0 = Release|Any CPU
		{FE0DF2FE-B684-492A-926E-1838713A28C1}.Debug|Any CPU.ActiveCfg = Debug|Any CPU
		{FE0DF2FE-B684-492A-926E-1838713A28C1}.Debug|Any CPU.Build.0 = Debug|Any CPU
		{FE0DF2FE-B684-492A-926E-1838713A28C1}.Release|Any CPU.ActiveCfg = Release|Any CPU
		{FE0DF2FE-B684-492A-926E-1838713A28C1}.Release|Any CPU.Build.0 = Release|Any CPU
	EndGlobalSection
	GlobalSection(SolutionProperties) = preSolution
		HideSolutionNode = FALSE
	EndGlobalSection
EndGlobal
