
Microsoft Visual Studio Solution File, Format Version 12.00
# Visual Studio 15
VisualStudioVersion = 15.0.26430.6
MinimumVisualStudioVersion = 10.0.40219.1
Project("{FAE04EC0-301F-11D3-BF4B-00C04F79EFBC}") = "Idunn.SqlServer", "Idunn.SqlServer\Idunn.SqlServer.csproj", "{A64CAF12-84AB-4C2C-8563-D072AD4E8901}"
EndProject
Project("{FAE04EC0-301F-11D3-BF4B-00C04F79EFBC}") = "Idunn.SqlServer.Testing.Unit", "Idunn.SqlServer.Testing.Unit\Idunn.SqlServer.Testing.Unit.csproj", "{FE0DF2FE-B684-492A-926E-1838713A28C1}"
Global
	GlobalSection(SolutionConfigurationPlatforms) = preSolution
		Debug|Any CPU = Debug|Any CPU
		Release|Any CPU = Release|Any CPU
	EndGlobalSection
	GlobalSection(ProjectConfigurationPlatforms) = postSolution
		{A64CAF12-84AB-4C2C-8563-D072AD4E8901}.Debug|Any CPU.ActiveCfg = Debug|Any CPU
		{A64CAF12-84AB-4C2C-8563-D072AD4E8901}.Debug|Any CPU.Build.0 = Debug|Any CPU
		{A64CAF12-84AB-4C2C-8563-D072AD4E8901}.Release|Any CPU.ActiveCfg = Release|Any CPU
		{A64CAF12-84AB-4C2C-8563-D072AD4E8901}.Release|Any CPU.Build.0 = Release|Any CPU
		{FE0DF2FE-B684-492A-926E-1838713A28C1}.Debug|Any CPU.ActiveCfg = Debug|Any CPU
		{FE0DF2FE-B684-492A-926E-1838713A28C1}.Debug|Any CPU.Build.0 = Debug|Any CPU
		{FE0DF2FE-B684-492A-926E-1838713A28C1}.Release|Any CPU.ActiveCfg = Release|Any CPU
		{FE0DF2FE-B684-492A-926E-1838713A28C1}.Release|Any CPU.Build.0 = Release|Any CPU
		{5BCB31EE-E724-4805-B5F5-D0DA1C81A650}.Debug|Any CPU.ActiveCfg = Debug|Any CPU
		{5BCB31EE-E724-4805-B5F5-D0DA1C81A650}.Debug|Any CPU.Build.0 = Debug|Any CPU
		{5BCB31EE-E724-4805-B5F5-D0DA1C81A650}.Release|Any CPU.ActiveCfg = Release|Any CPU
		{5BCB31EE-E724-4805-B5F5-D0DA1C81A650}.Release|Any CPU.Build.0 = Release|Any CPU
		{7ABD9873-F168-47C6-B8EE-3F9BEDD748BE}.Debug|Any CPU.ActiveCfg = Debug|Any CPU
		{7ABD9873-F168-47C6-B8EE-3F9BEDD748BE}.Debug|Any CPU.Build.0 = Debug|Any CPU
		{7ABD9873-F168-47C6-B8EE-3F9BEDD748BE}.Release|Any CPU.ActiveCfg = Release|Any CPU
		{7ABD9873-F168-47C6-B8EE-3F9BEDD748BE}.Release|Any CPU.Build.0 = Release|Any CPU
		{D7C587AD-F0FE-4028-8A2D-96799C99070C}.Debug|Any CPU.ActiveCfg = Debug|Any CPU
		{D7C587AD-F0FE-4028-8A2D-96799C99070C}.Debug|Any CPU.Build.0 = Debug|Any CPU
		{D7C587AD-F0FE-4028-8A2D-96799C99070C}.Release|Any CPU.ActiveCfg = Release|Any CPU
		{D7C587AD-F0FE-4028-8A2D-96799C99070C}.Release|Any CPU.Build.0 = Release|Any CPU
		{A0539DBC-F1F7-43EE-8865-3D06FAE2AC7C}.Debug|Any CPU.ActiveCfg = Debug|Any CPU
		{A0539DBC-F1F7-43EE-8865-3D06FAE2AC7C}.Debug|Any CPU.Build.0 = Debug|Any CPU
		{A0539DBC-F1F7-43EE-8865-3D06FAE2AC7C}.Release|Any CPU.ActiveCfg = Release|Any CPU
		{A0539DBC-F1F7-43EE-8865-3D06FAE2AC7C}.Release|Any CPU.Build.0 = Release|Any CPU
	EndGlobalSection
	GlobalSection(SolutionProperties) = preSolution
		HideSolutionNode = FALSE
	EndGlobalSection
	GlobalSection(NestedProjects) = preSolution
		{A64CAF12-84AB-4C2C-8563-D072AD4E8901} = {CB47C2AA-9232-494B-853B-09F8C07E753F}
		{FE0DF2FE-B684-492A-926E-1838713A28C1} = {CB47C2AA-9232-494B-853B-09F8C07E753F}
		{D7C587AD-F0FE-4028-8A2D-96799C99070C} = {8B47B1EF-6633-42AB-A1A1-AA829CFFB3CC}
		{A0539DBC-F1F7-43EE-8865-3D06FAE2AC7C} = {8B47B1EF-6633-42AB-A1A1-AA829CFFB3CC}
	EndGlobalSection
EndGlobal
